{
  "name": "@christianjuth/tictactoe-engine",
  "version": "0.0.3-alpha.10",
  "lockfileVersion": 2,
  "requires": true,
  "packages": {
    "": {
      "name": "@christianjuth/tictactoe-engine",
      "version": "0.0.3-alpha.3",
      "license": "ISC",
      "dependencies": {
        "@assemblyscript/loader": "^0.19.20",
        "@christianjuth/minimax": "^0.0.1-alpha.11"
      }
    },
    "node_modules/@assemblyscript/loader": {
      "version": "0.19.20",
      "resolved": "https://registry.npmjs.org/@assemblyscript/loader/-/loader-0.19.20.tgz",
      "integrity": "sha512-BKKWNGwp0xyELmk214RnwB4fxZeNokBkkvpCzpBbkD1FnDuNO7Dv96WECOPeiFySPl78FKAihlasU8MJ1Vldnw=="
    },
    "node_modules/@christianjuth/minimax": {
      "version": "0.0.1-alpha.11",
      "resolved": "https://registry.npmjs.org/@christianjuth/minimax/-/minimax-0.0.1-alpha.11.tgz",
      "integrity": "sha512-KACQ8qRYtdM+TE3797rGbzgnxmGVOP5o4lK7IFMiFaJpoLpKakmZZzFO2ZgMcgWzFMS5GedD68ErIMg+sjAEXQ=="
    }
  },
  "dependencies": {
    "@assemblyscript/loader": {
      "version": "0.19.20",
      "resolved": "https://registry.npmjs.org/@assemblyscript/loader/-/loader-0.19.20.tgz",
      "integrity": "sha512-BKKWNGwp0xyELmk214RnwB4fxZeNokBkkvpCzpBbkD1FnDuNO7Dv96WECOPeiFySPl78FKAihlasU8MJ1Vldnw=="
    },
    "@christianjuth/minimax": {
      "version": "0.0.1-alpha.11",
      "resolved": "https://registry.npmjs.org/@christianjuth/minimax/-/minimax-0.0.1-alpha.11.tgz",
      "integrity": "sha512-KACQ8qRYtdM+TE3797rGbzgnxmGVOP5o4lK7IFMiFaJpoLpKakmZZzFO2ZgMcgWzFMS5GedD68ErIMg+sjAEXQ=="
    }
  }
}
